<Solution>
  <Folder Name="/src/">
    <Project Path="src/Sovrant.Api/Sovrant.Api.csproj" />
    <Project Path="src/Sovrant.Cli/Sovrant.Cli.csproj" />
    <Project Path="src/Sovrant.Commands/Sovrant.Commands.csproj" />
    <Project Path="src/Sovrant.Runtime/Sovrant.Runtime.csproj" />
    <Project Path="src/Sovrant.Server/Sovrant.Server.csproj" />
    <Project Path="src/Sovrant.Lsp/Sovrant.Lsp.csproj" />
    <Project Path="src/Sovrant.Tools/Sovrant.Tools.csproj" />
    <Project Path="src/Sovrant.McpServer/Sovrant.McpServer.csproj" />
    <Project Path="src/Sovrant.Agents/Sovrant.Agents.csproj" />
  </Folder>
  <Folder Name="/tests/">
    <Project Path="tests/Sovrant.Agents.Tests/Sovrant.Agents.Tests.csproj" />
    <Project Path="tests/Sovrant.Api.Tests/Sovrant.Api.Tests.csproj" />
    <Project Path="tests/Sovrant.Commands.Tests/Sovrant.Commands.Tests.csproj" />
    <Project Path="tests/Sovrant.Integration.Tests/Sovrant.Integration.Tests.csproj" />
    <Project Path="tests/Sovrant.Runtime.Tests/Sovrant.Runtime.Tests.csproj" />
    <Project Path="tests/Sovrant.Lsp.Tests/Sovrant.Lsp.Tests.csproj" />
    <Project Path="tests/Sovrant.Server.Tests/Sovrant.Server.Tests.csproj" />
    <Project Path="tests/Sovrant.Tools.Tests/Sovrant.Tools.Tests.csproj" />
    <Project Path="tests/Sovrant.McpServer.Tests/Sovrant.McpServer.Tests.csproj" />
  </Folder>
</Solution>
